
Microsoft Visual Studio Solution File, Format Version 12.00
# Visual Studio Version 17
VisualStudioVersion = 17.4.33205.214
MinimumVisualStudioVersion = 10.0.40219.1
Project("{9A19103F-16F7-4668-BE54-9A1E7A4F7556}") = "CVWebApi", "CVWebApi\CVWebApi.csproj", "{F4BF6726-09FE-42D6-B872-2C8F10E8810F}"
EndProject
Project("{9A19103F-16F7-4668-BE54-9A1E7A4F7556}") = "UnitTest", "UnitTest\UnitTest.csproj", "{B27A63B5-1783-4C29-8695-54FD16017F0A}"
EndProject
Global
	GlobalSection(SolutionConfigurationPlatforms) = preSolution
		Debug|Any CPU = Debug|Any CPU
		Release|Any CPU = Release|Any CPU
	EndGlobalSection
	GlobalSection(ProjectConfigurationPlatforms) = postSolution
		{F4BF6726-09FE-42D6-B872-2C8F10E8810F}.Debug|Any CPU.ActiveCfg = Debug|Any CPU
		{F4BF6726-09FE-42D6-B872-2C8F10E8810F}.Debug|Any CPU.Build.0 = Debug|Any CPU
		{F4BF6726-09FE-42D6-B872-2C8F10E8810F}.Release|Any CPU.ActiveCfg = Release|Any CPU
		{F4BF6726-09FE-42D6-B872-2C8F10E8810F}.Release|Any CPU.Build.0 = Release|Any CPU
		{B27A63B5-1783-4C29-8695-54FD16017F0A}.Debug|Any CPU.ActiveCfg = Debug|Any CPU
		{B27A63B5-1783-4C29-8695-54FD16017F0A}.Debug|Any CPU.Build.0 = Debug|Any CPU
		{B27A63B5-1783-4C29-8695-54FD16017F0A}.Release|Any CPU.ActiveCfg = Release|Any CPU
		{B27A63B5-1783-4C29-8695-54FD16017F0A}.Release|Any CPU.Build.0 = Release|Any CPU
	EndGlobalSection
	GlobalSection(SolutionProperties) = preSolution
		HideSolutionNode = FALSE
	EndGlobalSection
	GlobalSection(ExtensibilityGlobals) = postSolution
		SolutionGuid = {022AE003-0CD5-4852-BDE1-D6B50DE92CCF}
	EndGlobalSection
EndGlobal
